
Microsoft Visual Studio Solution File, Format Version 12.00
# Visual Studio Version 17
VisualStudioVersion = 17.0.31903.59
MinimumVisualStudioVersion = 10.0.40219.1
Project("{FAE04EC0-301F-11D3-BF4B-00C04F79EFBC}") = "CSharpAcademy", "CSharpAcademy\CSharpAcademy.csproj", "{3566DB84-00D6-4575-9CEB-30D2653C5497}"
EndProject
Global
	GlobalSection(SolutionConfigurationPlatforms) = preSolution
		Debug|Any CPU = Debug|Any CPU
		Release|Any CPU = Release|Any CPU
	EndGlobalSection
	GlobalSection(ProjectConfigurationPlatforms) = postSolution
		{3566DB84-00D6-4575-9CEB-30D2653C5497}.Debug|Any CPU.ActiveCfg = Debug|Any CPU
		{3566DB84-00D6-4575-9CEB-30D2653C5497}.Debug|Any CPU.Build.0 = Debug|Any CPU
		{3566DB84-00D6-4575-9CEB-30D2653C5497}.Release|Any CPU.ActiveCfg = Release|Any CPU
		{3566DB84-00D6-4575-9CEB-30D2653C5497}.Release|Any CPU.Build.0 = Release|Any CPU
	EndGlobalSection
	GlobalSection(SolutionProperties) = preSolution
		HideSolutionNode = FALSE
	EndGlobalSection
	GlobalSection(ExtensibilityGlobals) = postSolution
		SolutionGuid = {C7D1014A-9968-4D81-8857-55BACB13F4DD}
	EndGlobalSection
EndGlobal
