
Microsoft Visual Studio Solution File, Format Version 12.00
# Visual Studio Version 17
VisualStudioVersion = 17.5.002.0
MinimumVisualStudioVersion = 10.0.40219.1
Project("{9A19103F-16F7-4668-BE54-9A1E7A4F7556}") = "CSharpPlayerGuide", "CSharpPlayerGuide.csproj", "{002FB234-78E1-45F3-A44D-B49C8DAD477F}"
EndProject
Global
	GlobalSection(SolutionConfigurationPlatforms) = preSolution
		Debug|Any CPU = Debug|Any CPU
		Release|Any CPU = Release|Any CPU
	EndGlobalSection
	GlobalSection(ProjectConfigurationPlatforms) = postSolution
		{002FB234-78E1-45F3-A44D-B49C8DAD477F}.Debug|Any CPU.ActiveCfg = Debug|Any CPU
		{002FB234-78E1-45F3-A44D-B49C8DAD477F}.Debug|Any CPU.Build.0 = Debug|Any CPU
		{002FB234-78E1-45F3-A44D-B49C8DAD477F}.Release|Any CPU.ActiveCfg = Release|Any CPU
		{002FB234-78E1-45F3-A44D-B49C8DAD477F}.Release|Any CPU.Build.0 = Release|Any CPU
	EndGlobalSection
	GlobalSection(SolutionProperties) = preSolution
		HideSolutionNode = FALSE
	EndGlobalSection
	GlobalSection(ExtensibilityGlobals) = postSolution
		SolutionGuid = {4540E045-49FF-4F9B-BC67-94ADB34522FC}
	EndGlobalSection
EndGlobal
