
Microsoft Visual Studio Solution File, Format Version 12.00
# Visual Studio Version 17
VisualStudioVersion = 17.0.31903.59
MinimumVisualStudioVersion = 10.0.40219.1
Project("{FAE04EC0-301F-11D3-BF4B-00C04F79EFBC}") = "ThePoint", "ThePoint\ThePoint.csproj", "{FFD7C168-4E1E-4DBA-8668-CE3E16455369}"
EndProject
Project("{FAE04EC0-301F-11D3-BF4B-00C04F79EFBC}") = "TheTicTacToeGame", "..\TheTicTacToeGame\TheTicTacToeGame.csproj", "{A1801709-412A-430E-8B35-4D6A1CB6C84D}"
EndProject
Global
	GlobalSection(SolutionConfigurationPlatforms) = preSolution
		Debug|Any CPU = Debug|Any CPU
		Release|Any CPU = Release|Any CPU
	EndGlobalSection
	GlobalSection(SolutionProperties) = preSolution
		HideSolutionNode = FALSE
	EndGlobalSection
	GlobalSection(ProjectConfigurationPlatforms) = postSolution
		{FFD7C168-4E1E-4DBA-8668-CE3E16455369}.Debug|Any CPU.ActiveCfg = Debug|Any CPU
		{FFD7C168-4E1E-4DBA-8668-CE3E16455369}.Debug|Any CPU.Build.0 = Debug|Any CPU
		{FFD7C168-4E1E-4DBA-8668-CE3E16455369}.Release|Any CPU.ActiveCfg = Release|Any CPU
		{FFD7C168-4E1E-4DBA-8668-CE3E16455369}.Release|Any CPU.Build.0 = Release|Any CPU
		{A1801709-412A-430E-8B35-4D6A1CB6C84D}.Debug|Any CPU.ActiveCfg = Debug|Any CPU
		{A1801709-412A-430E-8B35-4D6A1CB6C84D}.Debug|Any CPU.Build.0 = Debug|Any CPU
		{A1801709-412A-430E-8B35-4D6A1CB6C84D}.Release|Any CPU.ActiveCfg = Release|Any CPU
		{A1801709-412A-430E-8B35-4D6A1CB6C84D}.Release|Any CPU.Build.0 = Release|Any CPU
	EndGlobalSection
EndGlobal
